<?xml version="1.0" encoding="utf-8"?>
<Project ToolsVersion="4.0" xmlns="http://schemas.microsoft.com/developer/msbuild/2003">
  <ItemGroup>
    <Filter Include="win32">
      <UniqueIdentifier>{84a8ebd7-7cf0-47f6-b75e-d441df67da40}</UniqueIdentifier>
    </Filter>
    <Filter Include="resource">
      <UniqueIdentifier>{715254bc-d70b-4ec5-bf29-467dd3ace079}</UniqueIdentifier>
    </Filter>
    <Filter Include="src">
      <UniqueIdentifier>{bb6c862e-70e9-49d9-81b7-3829a6f50471}</UniqueIdentifier>
    </Filter>
    <Filter Include="src\GameScene">
      <UniqueIdentifier>{e8b2941a-d7cc-4d63-b7fb-4886983f19d0}</UniqueIdentifier>
    </Filter>
  </ItemGroup>
  <ItemGroup>
    <ClCompile Include="main.cpp">
      <Filter>win32</Filter>
    </ClCompile>
    <ClCompile Include="..\Classes\AppDelegate.cpp">
      <Filter>src</Filter>
    </ClCompile>
    <ClCompile Include="..\Classes\HelloWorldScene.cpp">
      <Filter>src</Filter>
    </ClCompile>
    <ClCompile Include="..\Classes\BaseCSV.cpp">
      <Filter>src</Filter>
    </ClCompile>
    <ClCompile Include="..\Classes\LayerCtrl.cpp">
      <Filter>src</Filter>
    </ClCompile>
    <ClCompile Include="..\Classes\GameScene\BaseObj.cpp">
      <Filter>src\GameScene</Filter>
    </ClCompile>
    <ClCompile Include="..\Classes\GameScene\GameScene.cpp">
      <Filter>src\GameScene</Filter>
    </ClCompile>
    <ClCompile Include="..\Classes\GameScene\Person.cpp">
      <Filter>src\GameScene</Filter>
    </ClCompile>
    <ClCompile Include="..\Classes\GameScene\PersonMgr.cpp">
      <Filter>src\GameScene</Filter>
    </ClCompile>
    <ClCompile Include="..\Classes\GameScene\StaticPersonInfo.cpp">
      <Filter>src\GameScene</Filter>
    </ClCompile>
    <ClCompile Include="..\Classes\GameScene\EffecgMgr.cpp">
      <Filter>src\GameScene</Filter>
    </ClCompile>
  </ItemGroup>
  <ItemGroup>
    <ClInclude Include="main.h">
      <Filter>win32</Filter>
    </ClInclude>
    <ClInclude Include="..\Classes\AppDelegate.h">
      <Filter>src</Filter>
    </ClInclude>
    <ClInclude Include="..\Classes\HelloWorldScene.h">
      <Filter>src</Filter>
    </ClInclude>
    <ClInclude Include="..\Classes\BaseCSV.h">
      <Filter>src</Filter>
    </ClInclude>
    <ClInclude Include="..\Classes\LayerCtrl.h">
      <Filter>src</Filter>
    </ClInclude>
    <ClInclude Include="..\Classes\GameScene\BaseDef.h">
      <Filter>src\GameScene</Filter>
    </ClInclude>
    <ClInclude Include="..\Classes\GameScene\BaseObj.h">
      <Filter>src\GameScene</Filter>
    </ClInclude>
    <ClInclude Include="..\Classes\GameScene\GameScene.h">
      <Filter>src\GameScene</Filter>
    </ClInclude>
    <ClInclude Include="..\Classes\GameScene\Person.h">
      <Filter>src\GameScene</Filter>
    </ClInclude>
    <ClInclude Include="..\Classes\GameScene\PersonMgr.h">
      <Filter>src\GameScene</Filter>
    </ClInclude>
    <ClInclude Include="..\Classes\GameScene\StaticPersonInfo.h">
      <Filter>src\GameScene</Filter>
    </ClInclude>
    <ClInclude Include="..\Classes\GameScene\EffectMgr.h">
      <Filter>src\GameScene</Filter>
    </ClInclude>
  </ItemGroup>
  <ItemGroup>
    <ResourceCompile Include="game.rc">
      <Filter>resource</Filter>
    </ResourceCompile>
  </ItemGroup>
</Project>